
Microsoft Visual Studio Solution File, Format Version 12.00
# Visual Studio 15
VisualStudioVersion = 15.0.26124.0
MinimumVisualStudioVersion = 15.0.26124.0
Project("{2150E333-8FDC-42A3-9474-1A3956D46DE8}") = "services", "services", "{BDA060EF-1FBA-43D7-8C8F-1E1C30B7B4F9}"
EndProject
Project("{FAE04EC0-301F-11D3-BF4B-00C04F79EFBC}") = "Feats.Evaluations", "services\Feats.Evaluations\Feats.Evaluations.csproj", "{4E805867-6C7C-4A4C-9E05-8D1DA4350282}"
EndProject
Project("{FAE04EC0-301F-11D3-BF4B-00C04F79EFBC}") = "Feats.Management", "services\Feats.Management\Feats.Management.csproj", "{D09EC07D-A129-4FA8-BC0B-2EB58DEEF36B}"
EndProject
Project("{FAE04EC0-301F-11D3-BF4B-00C04F79EFBC}") = "Feats.Management.Tests", "services\Feats.Management.Tests\Feats.Management.Tests.csproj", "{BD0A74D6-B8AB-4E66-85D1-798F2567CC63}"
EndProject
Project("{FAE04EC0-301F-11D3-BF4B-00C04F79EFBC}") = "Feats.Evaluations.Tests", "services\Feats.Evaluations.Tests\Feats.Evaluations.Tests.csproj", "{9A6AC93D-2D19-45C8-858A-45A6D474188A}"
EndProject
Project("{2150E333-8FDC-42A3-9474-1A3956D46DE8}") = "libs", "libs", "{FFFCED2A-83CA-4A12-9D4D-71E669C64FDE}"
EndProject
Project("{FAE04EC0-301F-11D3-BF4B-00C04F79EFBC}") = "Feats.CQRS", "libs\Feats.CQRS\Feats.CQRS.csproj", "{7FF9B14E-D7C7-40C7-8827-F73FA1E4FBE5}"
EndProject
Project("{FAE04EC0-301F-11D3-BF4B-00C04F79EFBC}") = "Feats.Domain", "libs\Feats.Domain\Feats.Domain.csproj", "{AFCF2177-F44B-478B-9AAB-F710D89A4E4C}"
EndProject
Global
	GlobalSection(SolutionConfigurationPlatforms) = preSolution
		Debug|Any CPU = Debug|Any CPU
		Debug|x64 = Debug|x64
		Debug|x86 = Debug|x86
		Release|Any CPU = Release|Any CPU
		Release|x64 = Release|x64
		Release|x86 = Release|x86
	EndGlobalSection
	GlobalSection(SolutionProperties) = preSolution
		HideSolutionNode = FALSE
	EndGlobalSection
	GlobalSection(ProjectConfigurationPlatforms) = postSolution
		{4E805867-6C7C-4A4C-9E05-8D1DA4350282}.Debug|Any CPU.ActiveCfg = Debug|Any CPU
		{4E805867-6C7C-4A4C-9E05-8D1DA4350282}.Debug|Any CPU.Build.0 = Debug|Any CPU
		{4E805867-6C7C-4A4C-9E05-8D1DA4350282}.Debug|x64.ActiveCfg = Debug|Any CPU
		{4E805867-6C7C-4A4C-9E05-8D1DA4350282}.Debug|x64.Build.0 = Debug|Any CPU
		{4E805867-6C7C-4A4C-9E05-8D1DA4350282}.Debug|x86.ActiveCfg = Debug|Any CPU
		{4E805867-6C7C-4A4C-9E05-8D1DA4350282}.Debug|x86.Build.0 = Debug|Any CPU
		{4E805867-6C7C-4A4C-9E05-8D1DA4350282}.Release|Any CPU.ActiveCfg = Release|Any CPU
		{4E805867-6C7C-4A4C-9E05-8D1DA4350282}.Release|Any CPU.Build.0 = Release|Any CPU
		{4E805867-6C7C-4A4C-9E05-8D1DA4350282}.Release|x64.ActiveCfg = Release|Any CPU
		{4E805867-6C7C-4A4C-9E05-8D1DA4350282}.Release|x64.Build.0 = Release|Any CPU
		{4E805867-6C7C-4A4C-9E05-8D1DA4350282}.Release|x86.ActiveCfg = Release|Any CPU
		{4E805867-6C7C-4A4C-9E05-8D1DA4350282}.Release|x86.Build.0 = Release|Any CPU
		{D09EC07D-A129-4FA8-BC0B-2EB58DEEF36B}.Debug|Any CPU.ActiveCfg = Debug|Any CPU
		{D09EC07D-A129-4FA8-BC0B-2EB58DEEF36B}.Debug|Any CPU.Build.0 = Debug|Any CPU
		{D09EC07D-A129-4FA8-BC0B-2EB58DEEF36B}.Debug|x64.ActiveCfg = Debug|Any CPU
		{D09EC07D-A129-4FA8-BC0B-2EB58DEEF36B}.Debug|x64.Build.0 = Debug|Any CPU
		{D09EC07D-A129-4FA8-BC0B-2EB58DEEF36B}.Debug|x86.ActiveCfg = Debug|Any CPU
		{D09EC07D-A129-4FA8-BC0B-2EB58DEEF36B}.Debug|x86.Build.0 = Debug|Any CPU
		{D09EC07D-A129-4FA8-BC0B-2EB58DEEF36B}.Release|Any CPU.ActiveCfg = Release|Any CPU
		{D09EC07D-A129-4FA8-BC0B-2EB58DEEF36B}.Release|Any CPU.Build.0 = Release|Any CPU
		{D09EC07D-A129-4FA8-BC0B-2EB58DEEF36B}.Release|x64.ActiveCfg = Release|Any CPU
		{D09EC07D-A129-4FA8-BC0B-2EB58DEEF36B}.Release|x64.Build.0 = Release|Any CPU
		{D09EC07D-A129-4FA8-BC0B-2EB58DEEF36B}.Release|x86.ActiveCfg = Release|Any CPU
		{D09EC07D-A129-4FA8-BC0B-2EB58DEEF36B}.Release|x86.Build.0 = Release|Any CPU
		{BD0A74D6-B8AB-4E66-85D1-798F2567CC63}.Debug|Any CPU.ActiveCfg = Debug|Any CPU
		{BD0A74D6-B8AB-4E66-85D1-798F2567CC63}.Debug|Any CPU.Build.0 = Debug|Any CPU
		{BD0A74D6-B8AB-4E66-85D1-798F2567CC63}.Debug|x64.ActiveCfg = Debug|Any CPU
		{BD0A74D6-B8AB-4E66-85D1-798F2567CC63}.Debug|x64.Build.0 = Debug|Any CPU
		{BD0A74D6-B8AB-4E66-85D1-798F2567CC63}.Debug|x86.ActiveCfg = Debug|Any CPU
		{BD0A74D6-B8AB-4E66-85D1-798F2567CC63}.Debug|x86.Build.0 = Debug|Any CPU
		{BD0A74D6-B8AB-4E66-85D1-798F2567CC63}.Release|Any CPU.ActiveCfg = Release|Any CPU
		{BD0A74D6-B8AB-4E66-85D1-798F2567CC63}.Release|Any CPU.Build.0 = Release|Any CPU
		{BD0A74D6-B8AB-4E66-85D1-798F2567CC63}.Release|x64.ActiveCfg = Release|Any CPU
		{BD0A74D6-B8AB-4E66-85D1-798F2567CC63}.Release|x64.Build.0 = Release|Any CPU
		{BD0A74D6-B8AB-4E66-85D1-798F2567CC63}.Release|x86.ActiveCfg = Release|Any CPU
		{BD0A74D6-B8AB-4E66-85D1-798F2567CC63}.Release|x86.Build.0 = Release|Any CPU
		{9A6AC93D-2D19-45C8-858A-45A6D474188A}.Debug|Any CPU.ActiveCfg = Debug|Any CPU
		{9A6AC93D-2D19-45C8-858A-45A6D474188A}.Debug|Any CPU.Build.0 = Debug|Any CPU
		{9A6AC93D-2D19-45C8-858A-45A6D474188A}.Debug|x64.ActiveCfg = Debug|Any CPU
		{9A6AC93D-2D19-45C8-858A-45A6D474188A}.Debug|x64.Build.0 = Debug|Any CPU
		{9A6AC93D-2D19-45C8-858A-45A6D474188A}.Debug|x86.ActiveCfg = Debug|Any CPU
		{9A6AC93D-2D19-45C8-858A-45A6D474188A}.Debug|x86.Build.0 = Debug|Any CPU
		{9A6AC93D-2D19-45C8-858A-45A6D474188A}.Release|Any CPU.ActiveCfg = Release|Any CPU
		{9A6AC93D-2D19-45C8-858A-45A6D474188A}.Release|Any CPU.Build.0 = Release|Any CPU
		{9A6AC93D-2D19-45C8-858A-45A6D474188A}.Release|x64.ActiveCfg = Release|Any CPU
		{9A6AC93D-2D19-45C8-858A-45A6D474188A}.Release|x64.Build.0 = Release|Any CPU
		{9A6AC93D-2D19-45C8-858A-45A6D474188A}.Release|x86.ActiveCfg = Release|Any CPU
		{9A6AC93D-2D19-45C8-858A-45A6D474188A}.Release|x86.Build.0 = Release|Any CPU
		{7FF9B14E-D7C7-40C7-8827-F73FA1E4FBE5}.Debug|Any CPU.ActiveCfg = Debug|Any CPU
		{7FF9B14E-D7C7-40C7-8827-F73FA1E4FBE5}.Debug|Any CPU.Build.0 = Debug|Any CPU
		{7FF9B14E-D7C7-40C7-8827-F73FA1E4FBE5}.Debug|x64.ActiveCfg = Debug|Any CPU
		{7FF9B14E-D7C7-40C7-8827-F73FA1E4FBE5}.Debug|x64.Build.0 = Debug|Any CPU
		{7FF9B14E-D7C7-40C7-8827-F73FA1E4FBE5}.Debug|x86.ActiveCfg = Debug|Any CPU
		{7FF9B14E-D7C7-40C7-8827-F73FA1E4FBE5}.Debug|x86.Build.0 = Debug|Any CPU
		{7FF9B14E-D7C7-40C7-8827-F73FA1E4FBE5}.Release|Any CPU.ActiveCfg = Release|Any CPU
		{7FF9B14E-D7C7-40C7-8827-F73FA1E4FBE5}.Release|Any CPU.Build.0 = Release|Any CPU
		{7FF9B14E-D7C7-40C7-8827-F73FA1E4FBE5}.Release|x64.ActiveCfg = Release|Any CPU
		{7FF9B14E-D7C7-40C7-8827-F73FA1E4FBE5}.Release|x64.Build.0 = Release|Any CPU
		{7FF9B14E-D7C7-40C7-8827-F73FA1E4FBE5}.Release|x86.ActiveCfg = Release|Any CPU
		{7FF9B14E-D7C7-40C7-8827-F73FA1E4FBE5}.Release|x86.Build.0 = Release|Any CPU
		{AFCF2177-F44B-478B-9AAB-F710D89A4E4C}.Debug|Any CPU.ActiveCfg = Debug|Any CPU
		{AFCF2177-F44B-478B-9AAB-F710D89A4E4C}.Debug|Any CPU.Build.0 = Debug|Any CPU
		{AFCF2177-F44B-478B-9AAB-F710D89A4E4C}.Debug|x64.ActiveCfg = Debug|Any CPU
		{AFCF2177-F44B-478B-9AAB-F710D89A4E4C}.Debug|x64.Build.0 = Debug|Any CPU
		{AFCF2177-F44B-478B-9AAB-F710D89A4E4C}.Debug|x86.ActiveCfg = Debug|Any CPU
		{AFCF2177-F44B-478B-9AAB-F710D89A4E4C}.Debug|x86.Build.0 = Debug|Any CPU
		{AFCF2177-F44B-478B-9AAB-F710D89A4E4C}.Release|Any CPU.ActiveCfg = Release|Any CPU
		{AFCF2177-F44B-478B-9AAB-F710D89A4E4C}.Release|Any CPU.Build.0 = Release|Any CPU
		{AFCF2177-F44B-478B-9AAB-F710D89A4E4C}.Release|x64.ActiveCfg = Release|Any CPU
		{AFCF2177-F44B-478B-9AAB-F710D89A4E4C}.Release|x64.Build.0 = Release|Any CPU
		{AFCF2177-F44B-478B-9AAB-F710D89A4E4C}.Release|x86.ActiveCfg = Release|Any CPU
		{AFCF2177-F44B-478B-9AAB-F710D89A4E4C}.Release|x86.Build.0 = Release|Any CPU
	EndGlobalSection
	GlobalSection(NestedProjects) = preSolution
		{4E805867-6C7C-4A4C-9E05-8D1DA4350282} = {BDA060EF-1FBA-43D7-8C8F-1E1C30B7B4F9}
		{D09EC07D-A129-4FA8-BC0B-2EB58DEEF36B} = {BDA060EF-1FBA-43D7-8C8F-1E1C30B7B4F9}
		{BD0A74D6-B8AB-4E66-85D1-798F2567CC63} = {BDA060EF-1FBA-43D7-8C8F-1E1C30B7B4F9}
		{9A6AC93D-2D19-45C8-858A-45A6D474188A} = {BDA060EF-1FBA-43D7-8C8F-1E1C30B7B4F9}
		{7FF9B14E-D7C7-40C7-8827-F73FA1E4FBE5} = {FFFCED2A-83CA-4A12-9D4D-71E669C64FDE}
		{AFCF2177-F44B-478B-9AAB-F710D89A4E4C} = {FFFCED2A-83CA-4A12-9D4D-71E669C64FDE}
	EndGlobalSection
EndGlobal
